
Microsoft Visual Studio Solution File, Format Version 12.00
# Visual Studio Version 17
VisualStudioVersion = 17.0.31903.59
MinimumVisualStudioVersion = 10.0.40219.1
Project("{FAE04EC0-301F-11D3-BF4B-00C04F79EFBC}") = "MethodSintaksa", "MethodSintaksa.csproj", "{721979FA-A216-4E23-ADB0-5B3165ED208D}"
EndProject
Global
	GlobalSection(SolutionConfigurationPlatforms) = preSolution
		Debug|Any CPU = Debug|Any CPU
		Release|Any CPU = Release|Any CPU
	EndGlobalSection
	GlobalSection(ProjectConfigurationPlatforms) = postSolution
		{721979FA-A216-4E23-ADB0-5B3165ED208D}.Debug|Any CPU.ActiveCfg = Debug|Any CPU
		{721979FA-A216-4E23-ADB0-5B3165ED208D}.Debug|Any CPU.Build.0 = Debug|Any CPU
		{721979FA-A216-4E23-ADB0-5B3165ED208D}.Release|Any CPU.ActiveCfg = Release|Any CPU
		{721979FA-A216-4E23-ADB0-5B3165ED208D}.Release|Any CPU.Build.0 = Release|Any CPU
	EndGlobalSection
	GlobalSection(SolutionProperties) = preSolution
		HideSolutionNode = FALSE
	EndGlobalSection
	GlobalSection(ExtensibilityGlobals) = postSolution
		SolutionGuid = {E2694F91-7700-4012-BEFB-705A9C6A6F22}
	EndGlobalSection
EndGlobal
